// !$*UTF8*$!
{
	archiveVersion = 1;
	classes = {
	};
	objectVersion = 46;
	objects = {

/* Begin PBXBuildFile section */
		A03577011D8F784A006D050F /* AppDelegate.m in Sources */ = {isa = PBXBuildFile; fileRef = A03577001D8F784A006D050F /* AppDelegate.m */; };
		A03577071D8F784A006D050F /* Main.storyboard in Resources */ = {isa = PBXBuildFile; fileRef = A03577051D8F784A006D050F /* Main.storyboard */; };
		A03577091D8F784A006D050F /* Assets.xcassets in Resources */ = {isa = PBXBuildFile; fileRef = A03577081D8F784A006D050F /* Assets.xcassets */; };
		A035770C1D8F784A006D050F /* LaunchScreen.storyboard in Resources */ = {isa = PBXBuildFile; fileRef = A035770A1D8F784A006D050F /* LaunchScreen.storyboard */; };
		A035772D1D913C96006D050F /* ContainerViewController.m in Sources */ = {isa = PBXBuildFile; fileRef = A035772C1D913C96006D050F /* ContainerViewController.m */; };
		A037794F1E1F8D5A009D3DE6 /* JYAnimationController.m in Sources */ = {isa = PBXBuildFile; fileRef = A037794C1E1F8D5A009D3DE6 /* JYAnimationController.m */; };
		A03779501E1F8D5A009D3DE6 /* JYTransitionDelegate.m in Sources */ = {isa = PBXBuildFile; fileRef = A037794E1E1F8D5A009D3DE6 /* JYTransitionDelegate.m */; };
		A0D23ADD1E13A5CA00BEC8AE /* WinterViewController.m in Sources */ = {isa = PBXBuildFile; fileRef = A0D23ADC1E13A5CA00BEC8AE /* WinterViewController.m */; };
		A0D23AE01E13A69700BEC8AE /* ChildAViewController.m in Sources */ = {isa = PBXBuildFile; fileRef = A0D23ADF1E13A69700BEC8AE /* ChildAViewController.m */; };
		A0D23AE71E13B19800BEC8AE /* AutumnViewController.m in Sources */ = {isa = PBXBuildFile; fileRef = A0D23AE61E13B19800BEC8AE /* AutumnViewController.m */; };
		A0D23AEA1E13B4F800BEC8AE /* CATransitionPopViewController.m in Sources */ = {isa = PBXBuildFile; fileRef = A0D23AE91E13B4F800BEC8AE /* CATransitionPopViewController.m */; };
		A0D23AED1E14C9A300BEC8AE /* SeasonTabBarController.m in Sources */ = {isa = PBXBuildFile; fileRef = A0D23AEC1E14C9A200BEC8AE /* SeasonTabBarController.m */; };
		A0D23AF91E14CA2600BEC8AE /* PushFlowerViewController.m in Sources */ = {isa = PBXBuildFile; fileRef = A0D23AF01E14CA2600BEC8AE /* PushFlowerViewController.m */; };
		A0D23AFA1E14CA2600BEC8AE /* PushSecondViewController.m in Sources */ = {isa = PBXBuildFile; fileRef = A0D23AF21E14CA2600BEC8AE /* PushSecondViewController.m */; };
		A0D23AFB1E14CA2600BEC8AE /* SpringViewController.m in Sources */ = {isa = PBXBuildFile; fileRef = A0D23AF41E14CA2600BEC8AE /* SpringViewController.m */; };
		A0D23AFC1E14CA2600BEC8AE /* PresentationViewController.m in Sources */ = {isa = PBXBuildFile; fileRef = A0D23AF61E14CA2600BEC8AE /* PresentationViewController.m */; };
		A0D23AFD1E14CA2600BEC8AE /* PresentationValueToNextViewController.m in Sources */ = {isa = PBXBuildFile; fileRef = A0D23AF81E14CA2600BEC8AE /* PresentationValueToNextViewController.m */; };
		A0D23B001E14CBA700BEC8AE /* ChildBViewController.m in Sources */ = {isa = PBXBuildFile; fileRef = A0D23AFF1E14CBA700BEC8AE /* ChildBViewController.m */; };
		A0D23B031E14CBB500BEC8AE /* Info.plist in Resources */ = {isa = PBXBuildFile; fileRef = A0D23B011E14CBB500BEC8AE /* Info.plist */; };
		A0D23B041E14CBB500BEC8AE /* main.m in Sources */ = {isa = PBXBuildFile; fileRef = A0D23B021E14CBB500BEC8AE /* main.m */; };
		A0D23B081E14CD5300BEC8AE /* SummerViewController.m in Sources */ = {isa = PBXBuildFile; fileRef = A0D23B071E14CD5300BEC8AE /* SummerViewController.m */; };
		A0D23B0B1E14DE8600BEC8AE /* ModalViewController.m in Sources */ = {isa = PBXBuildFile; fileRef = A0D23B0A1E14DE8600BEC8AE /* ModalViewController.m */; };
		A0D23B0E1E14E69900BEC8AE /* BouncePresentAnimation.m in Sources */ = {isa = PBXBuildFile; fileRef = A0D23B0D1E14E69900BEC8AE /* BouncePresentAnimation.m */; };
		A0D23B131E160F5F00BEC8AE /* SwipeInteractiveTransition.m in Sources */ = {isa = PBXBuildFile; fileRef = A0D23B121E160F5F00BEC8AE /* SwipeInteractiveTransition.m */; };
		A0D23B1B1E162B9400BEC8AE /* NormalDismissAnimation.m in Sources */ = {isa = PBXBuildFile; fileRef = A0D23B1A1E162B9400BEC8AE /* NormalDismissAnimation.m */; };
		A0D23B231E164BBA00BEC8AE /* CustomPopAnimation.m in Sources */ = {isa = PBXBuildFile; fileRef = A0D23B221E164BBA00BEC8AE /* CustomPopAnimation.m */; };
		A0D23B261E164C2D00BEC8AE /* CustomNavigationControllerDelegate.m in Sources */ = {isa = PBXBuildFile; fileRef = A0D23B251E164C2D00BEC8AE /* CustomNavigationControllerDelegate.m */; };
/* End PBXBuildFile section */

/* Begin PBXFileReference section */
		A03576F91D8F784A006D050F /* JYTransition.app */ = {isa = PBXFileReference; explicitFileType = wrapper.application; includeInIndex = 0; path = JYTransition.app; sourceTree = BUILT_PRODUCTS_DIR; };
		A03576FF1D8F784A006D050F /* AppDelegate.h */ = {isa = PBXFileReference; lastKnownFileType = sourcecode.c.h; path = AppDelegate.h; sourceTree = "<group>"; };
		A03577001D8F784A006D050F /* AppDelegate.m */ = {isa = PBXFileReference; lastKnownFileType = sourcecode.c.objc; path = AppDelegate.m; sourceTree = "<group>"; };
		A03577061D8F784A006D050F /* Base */ = {isa = PBXFileReference; lastKnownFileType = file.storyboard; name = Base; path = Base.lproj/Main.storyboard; sourceTree = "<group>"; };
		A03577081D8F784A006D050F /* Assets.xcassets */ = {isa = PBXFileReference; lastKnownFileType = folder.assetcatalog; path = Assets.xcassets; sourceTree = "<group>"; };
		A035770B1D8F784A006D050F /* Base */ = {isa = PBXFileReference; lastKnownFileType = file.storyboard; name = Base; path = Base.lproj/LaunchScreen.storyboard; sourceTree = "<group>"; };
		A035772B1D913C96006D050F /* ContainerViewController.h */ = {isa = PBXFileReference; fileEncoding = 4; lastKnownFileType = sourcecode.c.h; name = ContainerViewController.h; path = Transition/ContainerViewController.h; sourceTree = "<group>"; };
		A035772C1D913C96006D050F /* ContainerViewController.m */ = {isa = PBXFileReference; fileEncoding = 4; lastKnownFileType = sourcecode.c.objc; name = ContainerViewController.m; path = Transition/ContainerViewController.m; sourceTree = "<group>"; };
		A037794B1E1F8D5A009D3DE6 /* JYAnimationController.h */ = {isa = PBXFileReference; fileEncoding = 4; lastKnownFileType = sourcecode.c.h; path = JYAnimationController.h; sourceTree = "<group>"; };
		A037794C1E1F8D5A009D3DE6 /* JYAnimationController.m */ = {isa = PBXFileReference; fileEncoding = 4; lastKnownFileType = sourcecode.c.objc; path = JYAnimationController.m; sourceTree = "<group>"; };
		A037794D1E1F8D5A009D3DE6 /* JYTransitionDelegate.h */ = {isa = PBXFileReference; fileEncoding = 4; lastKnownFileType = sourcecode.c.h; path = JYTransitionDelegate.h; sourceTree = "<group>"; };
		A037794E1E1F8D5A009D3DE6 /* JYTransitionDelegate.m */ = {isa = PBXFileReference; fileEncoding = 4; lastKnownFileType = sourcecode.c.objc; path = JYTransitionDelegate.m; sourceTree = "<group>"; };
		A0D23ADB1E13A5CA00BEC8AE /* WinterViewController.h */ = {isa = PBXFileReference; fileEncoding = 4; lastKnownFileType = sourcecode.c.h; name = WinterViewController.h; path = TransitionFromViewController/WinterViewController.h; sourceTree = "<group>"; };
		A0D23ADC1E13A5CA00BEC8AE /* WinterViewController.m */ = {isa = PBXFileReference; fileEncoding = 4; lastKnownFileType = sourcecode.c.objc; name = WinterViewController.m; path = TransitionFromViewController/WinterViewController.m; sourceTree = "<group>"; };
		A0D23ADE1E13A69700BEC8AE /* ChildAViewController.h */ = {isa = PBXFileReference; fileEncoding = 4; lastKnownFileType = sourcecode.c.h; name = ChildAViewController.h; path = TransitionFromViewController/ChildAViewController.h; sourceTree = "<group>"; };
		A0D23ADF1E13A69700BEC8AE /* ChildAViewController.m */ = {isa = PBXFileReference; fileEncoding = 4; lastKnownFileType = sourcecode.c.objc; name = ChildAViewController.m; path = TransitionFromViewController/ChildAViewController.m; sourceTree = "<group>"; };
		A0D23AE51E13B19800BEC8AE /* AutumnViewController.h */ = {isa = PBXFileReference; fileEncoding = 4; lastKnownFileType = sourcecode.c.h; path = AutumnViewController.h; sourceTree = "<group>"; };
		A0D23AE61E13B19800BEC8AE /* AutumnViewController.m */ = {isa = PBXFileReference; fileEncoding = 4; lastKnownFileType = sourcecode.c.objc; path = AutumnViewController.m; sourceTree = "<group>"; };
		A0D23AE81E13B4F800BEC8AE /* CATransitionPopViewController.h */ = {isa = PBXFileReference; fileEncoding = 4; lastKnownFileType = sourcecode.c.h; path = CATransitionPopViewController.h; sourceTree = "<group>"; };
		A0D23AE91E13B4F800BEC8AE /* CATransitionPopViewController.m */ = {isa = PBXFileReference; fileEncoding = 4; lastKnownFileType = sourcecode.c.objc; path = CATransitionPopViewController.m; sourceTree = "<group>"; };
		A0D23AEB1E14C9A200BEC8AE /* SeasonTabBarController.h */ = {isa = PBXFileReference; fileEncoding = 4; lastKnownFileType = sourcecode.c.h; path = SeasonTabBarController.h; sourceTree = "<group>"; };
		A0D23AEC1E14C9A200BEC8AE /* SeasonTabBarController.m */ = {isa = PBXFileReference; fileEncoding = 4; lastKnownFileType = sourcecode.c.objc; path = SeasonTabBarController.m; sourceTree = "<group>"; };
		A0D23AEF1E14CA2600BEC8AE /* PushFlowerViewController.h */ = {isa = PBXFileReference; fileEncoding = 4; lastKnownFileType = sourcecode.c.h; path = PushFlowerViewController.h; sourceTree = "<group>"; };
		A0D23AF01E14CA2600BEC8AE /* PushFlowerViewController.m */ = {isa = PBXFileReference; fileEncoding = 4; lastKnownFileType = sourcecode.c.objc; path = PushFlowerViewController.m; sourceTree = "<group>"; };
		A0D23AF11E14CA2600BEC8AE /* PushSecondViewController.h */ = {isa = PBXFileReference; fileEncoding = 4; lastKnownFileType = sourcecode.c.h; path = PushSecondViewController.h; sourceTree = "<group>"; };
		A0D23AF21E14CA2600BEC8AE /* PushSecondViewController.m */ = {isa = PBXFileReference; fileEncoding = 4; lastKnownFileType = sourcecode.c.objc; path = PushSecondViewController.m; sourceTree = "<group>"; };
		A0D23AF31E14CA2600BEC8AE /* SpringViewController.h */ = {isa = PBXFileReference; fileEncoding = 4; lastKnownFileType = sourcecode.c.h; path = SpringViewController.h; sourceTree = "<group>"; };
		A0D23AF41E14CA2600BEC8AE /* SpringViewController.m */ = {isa = PBXFileReference; fileEncoding = 4; lastKnownFileType = sourcecode.c.objc; path = SpringViewController.m; sourceTree = "<group>"; };
		A0D23AF51E14CA2600BEC8AE /* PresentationViewController.h */ = {isa = PBXFileReference; fileEncoding = 4; lastKnownFileType = sourcecode.c.h; path = PresentationViewController.h; sourceTree = "<group>"; };
		A0D23AF61E14CA2600BEC8AE /* PresentationViewController.m */ = {isa = PBXFileReference; fileEncoding = 4; lastKnownFileType = sourcecode.c.objc; path = PresentationViewController.m; sourceTree = "<group>"; };
		A0D23AF71E14CA2600BEC8AE /* PresentationValueToNextViewController.h */ = {isa = PBXFileReference; fileEncoding = 4; lastKnownFileType = sourcecode.c.h; path = PresentationValueToNextViewController.h; sourceTree = "<group>"; };
		A0D23AF81E14CA2600BEC8AE /* PresentationValueToNextViewController.m */ = {isa = PBXFileReference; fileEncoding = 4; lastKnownFileType = sourcecode.c.objc; path = PresentationValueToNextViewController.m; sourceTree = "<group>"; };
		A0D23AFE1E14CBA700BEC8AE /* ChildBViewController.h */ = {isa = PBXFileReference; fileEncoding = 4; lastKnownFileType = sourcecode.c.h; name = ChildBViewController.h; path = TransitionFromViewController/ChildBViewController.h; sourceTree = "<group>"; };
		A0D23AFF1E14CBA700BEC8AE /* ChildBViewController.m */ = {isa = PBXFileReference; fileEncoding = 4; lastKnownFileType = sourcecode.c.objc; name = ChildBViewController.m; path = TransitionFromViewController/ChildBViewController.m; sourceTree = "<group>"; };
		A0D23B011E14CBB500BEC8AE /* Info.plist */ = {isa = PBXFileReference; fileEncoding = 4; lastKnownFileType = text.plist.xml; name = Info.plist; path = "Supporting Files/Info.plist"; sourceTree = "<group>"; };
		A0D23B021E14CBB500BEC8AE /* main.m */ = {isa = PBXFileReference; fileEncoding = 4; lastKnownFileType = sourcecode.c.objc; name = main.m; path = "Supporting Files/main.m"; sourceTree = "<group>"; };
		A0D23B061E14CD5300BEC8AE /* SummerViewController.h */ = {isa = PBXFileReference; fileEncoding = 4; lastKnownFileType = sourcecode.c.h; path = SummerViewController.h; sourceTree = "<group>"; };
		A0D23B071E14CD5300BEC8AE /* SummerViewController.m */ = {isa = PBXFileReference; fileEncoding = 4; lastKnownFileType = sourcecode.c.objc; path = SummerViewController.m; sourceTree = "<group>"; };
		A0D23B091E14DE8600BEC8AE /* ModalViewController.h */ = {isa = PBXFileReference; fileEncoding = 4; lastKnownFileType = sourcecode.c.h; path = ModalViewController.h; sourceTree = "<group>"; };
		A0D23B0A1E14DE8600BEC8AE /* ModalViewController.m */ = {isa = PBXFileReference; fileEncoding = 4; lastKnownFileType = sourcecode.c.objc; path = ModalViewController.m; sourceTree = "<group>"; };
		A0D23B0C1E14E69900BEC8AE /* BouncePresentAnimation.h */ = {isa = PBXFileReference; fileEncoding = 4; lastKnownFileType = sourcecode.c.h; path = BouncePresentAnimation.h; sourceTree = "<group>"; };
		A0D23B0D1E14E69900BEC8AE /* BouncePresentAnimation.m */ = {isa = PBXFileReference; fileEncoding = 4; lastKnownFileType = sourcecode.c.objc; path = BouncePresentAnimation.m; sourceTree = "<group>"; };
		A0D23B111E160F5F00BEC8AE /* SwipeInteractiveTransition.h */ = {isa = PBXFileReference; fileEncoding = 4; lastKnownFileType = sourcecode.c.h; path = SwipeInteractiveTransition.h; sourceTree = "<group>"; };
		A0D23B121E160F5F00BEC8AE /* SwipeInteractiveTransition.m */ = {isa = PBXFileReference; fileEncoding = 4; lastKnownFileType = sourcecode.c.objc; path = SwipeInteractiveTransition.m; sourceTree = "<group>"; };
		A0D23B141E16231600BEC8AE /* JYTransition-Prefix.pch */ = {isa = PBXFileReference; lastKnownFileType = sourcecode.c.h; name = "JYTransition-Prefix.pch"; path = "Supporting Files/JYTransition-Prefix.pch"; sourceTree = "<group>"; };
		A0D23B191E162B9400BEC8AE /* NormalDismissAnimation.h */ = {isa = PBXFileReference; fileEncoding = 4; lastKnownFileType = sourcecode.c.h; path = NormalDismissAnimation.h; sourceTree = "<group>"; };
		A0D23B1A1E162B9400BEC8AE /* NormalDismissAnimation.m */ = {isa = PBXFileReference; fileEncoding = 4; lastKnownFileType = sourcecode.c.objc; path = NormalDismissAnimation.m; sourceTree = "<group>"; };
		A0D23B211E164BBA00BEC8AE /* CustomPopAnimation.h */ = {isa = PBXFileReference; fileEncoding = 4; lastKnownFileType = sourcecode.c.h; path = CustomPopAnimation.h; sourceTree = "<group>"; };
		A0D23B221E164BBA00BEC8AE /* CustomPopAnimation.m */ = {isa = PBXFileReference; fileEncoding = 4; lastKnownFileType = sourcecode.c.objc; path = CustomPopAnimation.m; sourceTree = "<group>"; };
		A0D23B241E164C2D00BEC8AE /* CustomNavigationControllerDelegate.h */ = {isa = PBXFileReference; fileEncoding = 4; lastKnownFileType = sourcecode.c.h; path = CustomNavigationControllerDelegate.h; sourceTree = "<group>"; };
		A0D23B251E164C2D00BEC8AE /* CustomNavigationControllerDelegate.m */ = {isa = PBXFileReference; fileEncoding = 4; lastKnownFileType = sourcecode.c.objc; path = CustomNavigationControllerDelegate.m; sourceTree = "<group>"; };
/* End PBXFileReference section */

/* Begin PBXFrameworksBuildPhase section */
		A03576F61D8F784A006D050F /* Frameworks */ = {
			isa = PBXFrameworksBuildPhase;
			buildActionMask = 2147483647;
			files = (
			);
			runOnlyForDeploymentPostprocessing = 0;
		};
/* End PBXFrameworksBuildPhase section */

/* Begin PBXGroup section */
		A03576F01D8F784A006D050F = {
			isa = PBXGroup;
			children = (
				A03576FB1D8F784A006D050F /* JYTransition */,
				A03576FA1D8F784A006D050F /* Products */,
			);
			sourceTree = "<group>";
		};
		A03576FA1D8F784A006D050F /* Products */ = {
			isa = PBXGroup;
			children = (
				A03576F91D8F784A006D050F /* JYTransition.app */,
			);
			name = Products;
			sourceTree = "<group>";
		};
		A03576FB1D8F784A006D050F /* JYTransition */ = {
			isa = PBXGroup;
			children = (
				A0D23AEB1E14C9A200BEC8AE /* SeasonTabBarController.h */,
				A0D23AEC1E14C9A200BEC8AE /* SeasonTabBarController.m */,
				A0D23AEE1E14CA2600BEC8AE /* 自带转场控制器 */,
				A0D23B051E14CD3900BEC8AE /* 自定义转场 */,
				A0D23AD91E13A51D00BEC8AE /* TransitionFromViewController */,
				A0D23AE41E13B19800BEC8AE /* CATransition */,
				A03576FF1D8F784A006D050F /* AppDelegate.h */,
				A03577001D8F784A006D050F /* AppDelegate.m */,
				A03577051D8F784A006D050F /* Main.storyboard */,
				A03577081D8F784A006D050F /* Assets.xcassets */,
				A035772A1D913C7D006D050F /* Transition */,
				A03576FC1D8F784A006D050F /* Supporting Files */,
			);
			path = JYTransition;
			sourceTree = "<group>";
		};
		A03576FC1D8F784A006D050F /* Supporting Files */ = {
			isa = PBXGroup;
			children = (
				A035770A1D8F784A006D050F /* LaunchScreen.storyboard */,
				A0D23B011E14CBB500BEC8AE /* Info.plist */,
				A0D23B021E14CBB500BEC8AE /* main.m */,
				A0D23B141E16231600BEC8AE /* JYTransition-Prefix.pch */,
			);
			name = "Supporting Files";
			sourceTree = "<group>";
		};
		A035772A1D913C7D006D050F /* Transition */ = {
			isa = PBXGroup;
			children = (
				A035772B1D913C96006D050F /* ContainerViewController.h */,
				A035772C1D913C96006D050F /* ContainerViewController.m */,
			);
			name = Transition;
			sourceTree = "<group>";
		};
		A037794A1E1F8D5A009D3DE6 /* Encapsulation */ = {
			isa = PBXGroup;
			children = (
				A037794B1E1F8D5A009D3DE6 /* JYAnimationController.h */,
				A037794C1E1F8D5A009D3DE6 /* JYAnimationController.m */,
				A037794D1E1F8D5A009D3DE6 /* JYTransitionDelegate.h */,
				A037794E1E1F8D5A009D3DE6 /* JYTransitionDelegate.m */,
			);
			path = Encapsulation;
			sourceTree = "<group>";
		};
		A0D23AD91E13A51D00BEC8AE /* TransitionFromViewController */ = {
			isa = PBXGroup;
			children = (
				A0D23ADB1E13A5CA00BEC8AE /* WinterViewController.h */,
				A0D23ADC1E13A5CA00BEC8AE /* WinterViewController.m */,
				A0D23ADE1E13A69700BEC8AE /* ChildAViewController.h */,
				A0D23ADF1E13A69700BEC8AE /* ChildAViewController.m */,
				A0D23AFE1E14CBA700BEC8AE /* ChildBViewController.h */,
				A0D23AFF1E14CBA700BEC8AE /* ChildBViewController.m */,
			);
			name = TransitionFromViewController;
			sourceTree = "<group>";
		};
		A0D23AE41E13B19800BEC8AE /* CATransition */ = {
			isa = PBXGroup;
			children = (
				A0D23AE51E13B19800BEC8AE /* AutumnViewController.h */,
				A0D23AE61E13B19800BEC8AE /* AutumnViewController.m */,
				A0D23AE81E13B4F800BEC8AE /* CATransitionPopViewController.h */,
				A0D23AE91E13B4F800BEC8AE /* CATransitionPopViewController.m */,
			);
			path = CATransition;
			sourceTree = "<group>";
		};
		A0D23AEE1E14CA2600BEC8AE /* 自带转场控制器 */ = {
			isa = PBXGroup;
			children = (
				A0D23B201E164B7D00BEC8AE /* UINavigationController */,
				A0D23AF31E14CA2600BEC8AE /* SpringViewController.h */,
				A0D23AF41E14CA2600BEC8AE /* SpringViewController.m */,
				A0D23AF51E14CA2600BEC8AE /* PresentationViewController.h */,
				A0D23AF61E14CA2600BEC8AE /* PresentationViewController.m */,
				A0D23AF71E14CA2600BEC8AE /* PresentationValueToNextViewController.h */,
				A0D23AF81E14CA2600BEC8AE /* PresentationValueToNextViewController.m */,
				A0D23AEF1E14CA2600BEC8AE /* PushFlowerViewController.h */,
				A0D23AF01E14CA2600BEC8AE /* PushFlowerViewController.m */,
				A0D23AF11E14CA2600BEC8AE /* PushSecondViewController.h */,
				A0D23AF21E14CA2600BEC8AE /* PushSecondViewController.m */,
			);
			path = "自带转场控制器";
			sourceTree = "<group>";
		};
		A0D23B051E14CD3900BEC8AE /* 自定义转场 */ = {
			isa = PBXGroup;
			children = (
				A037794A1E1F8D5A009D3DE6 /* Encapsulation */,
				A0D23B061E14CD5300BEC8AE /* SummerViewController.h */,
				A0D23B071E14CD5300BEC8AE /* SummerViewController.m */,
				A0D23B091E14DE8600BEC8AE /* ModalViewController.h */,
				A0D23B0A1E14DE8600BEC8AE /* ModalViewController.m */,
				A0D23B0C1E14E69900BEC8AE /* BouncePresentAnimation.h */,
				A0D23B0D1E14E69900BEC8AE /* BouncePresentAnimation.m */,
				A0D23B191E162B9400BEC8AE /* NormalDismissAnimation.h */,
				A0D23B1A1E162B9400BEC8AE /* NormalDismissAnimation.m */,
				A0D23B111E160F5F00BEC8AE /* SwipeInteractiveTransition.h */,
				A0D23B121E160F5F00BEC8AE /* SwipeInteractiveTransition.m */,
			);
			path = "自定义转场";
			sourceTree = "<group>";
		};
		A0D23B201E164B7D00BEC8AE /* UINavigationController */ = {
			isa = PBXGroup;
			children = (
				A0D23B211E164BBA00BEC8AE /* CustomPopAnimation.h */,
				A0D23B221E164BBA00BEC8AE /* CustomPopAnimation.m */,
				A0D23B241E164C2D00BEC8AE /* CustomNavigationControllerDelegate.h */,
				A0D23B251E164C2D00BEC8AE /* CustomNavigationControllerDelegate.m */,
			);
			path = UINavigationController;
			sourceTree = "<group>";
		};
/* End PBXGroup section */

/* Begin PBXNativeTarget section */
		A03576F81D8F784A006D050F /* JYTransition */ = {
			isa = PBXNativeTarget;
			buildConfigurationList = A03577101D8F784A006D050F /* Build configuration list for PBXNativeTarget "JYTransition" */;
			buildPhases = (
				A03576F51D8F784A006D050F /* Sources */,
				A03576F61D8F784A006D050F /* Frameworks */,
				A03576F71D8F784A006D050F /* Resources */,
			);
			buildRules = (
			);
			dependencies = (
			);
			name = JYTransition;
			productName = JYTransition;
			productReference = A03576F91D8F784A006D050F /* JYTransition.app */;
			productType = "com.apple.product-type.application";
		};
/* End PBXNativeTarget section */

/* Begin PBXProject section */
		A03576F11D8F784A006D050F /* Project object */ = {
			isa = PBXProject;
			attributes = {
				LastUpgradeCheck = 0730;
				ORGANIZATIONNAME = Jolie_Yang;
				TargetAttributes = {
					A03576F81D8F784A006D050F = {
						CreatedOnToolsVersion = 7.3.1;
					};
				};
			};
			buildConfigurationList = A03576F41D8F784A006D050F /* Build configuration list for PBXProject "JYTransition" */;
			compatibilityVersion = "Xcode 3.2";
			developmentRegion = English;
			hasScannedForEncodings = 0;
			knownRegions = (
				en,
				Base,
			);
			mainGroup = A03576F01D8F784A006D050F;
			productRefGroup = A03576FA1D8F784A006D050F /* Products */;
			projectDirPath = "";
			projectRoot = "";
			targets = (
				A03576F81D8F784A006D050F /* JYTransition */,
			);
		};
/* End PBXProject section */

/* Begin PBXResourcesBuildPhase section */
		A03576F71D8F784A006D050F /* Resources */ = {
			isa = PBXResourcesBuildPhase;
			buildActionMask = 2147483647;
			files = (
				A0D23B031E14CBB500BEC8AE /* Info.plist in Resources */,
				A035770C1D8F784A006D050F /* LaunchScreen.storyboard in Resources */,
				A03577091D8F784A006D050F /* Assets.xcassets in Resources */,
				A03577071D8F784A006D050F /* Main.storyboard in Resources */,
			);
			runOnlyForDeploymentPostprocessing = 0;
		};
/* End PBXResourcesBuildPhase section */

/* Begin PBXSourcesBuildPhase section */
		A03576F51D8F784A006D050F /* Sources */ = {
			isa = PBXSourcesBuildPhase;
			buildActionMask = 2147483647;
			files = (
				A0D23B261E164C2D00BEC8AE /* CustomNavigationControllerDelegate.m in Sources */,
				A0D23B081E14CD5300BEC8AE /* SummerViewController.m in Sources */,
				A03577011D8F784A006D050F /* AppDelegate.m in Sources */,
				A0D23AFA1E14CA2600BEC8AE /* PushSecondViewController.m in Sources */,
				A0D23AE71E13B19800BEC8AE /* AutumnViewController.m in Sources */,
				A0D23B131E160F5F00BEC8AE /* SwipeInteractiveTransition.m in Sources */,
				A0D23B001E14CBA700BEC8AE /* ChildBViewController.m in Sources */,
				A0D23AF91E14CA2600BEC8AE /* PushFlowerViewController.m in Sources */,
				A0D23AEA1E13B4F800BEC8AE /* CATransitionPopViewController.m in Sources */,
				A0D23AE01E13A69700BEC8AE /* ChildAViewController.m in Sources */,
				A0D23B231E164BBA00BEC8AE /* CustomPopAnimation.m in Sources */,
				A035772D1D913C96006D050F /* ContainerViewController.m in Sources */,
				A0D23AFD1E14CA2600BEC8AE /* PresentationValueToNextViewController.m in Sources */,
				A0D23ADD1E13A5CA00BEC8AE /* WinterViewController.m in Sources */,
				A03779501E1F8D5A009D3DE6 /* JYTransitionDelegate.m in Sources */,
				A0D23AFC1E14CA2600BEC8AE /* PresentationViewController.m in Sources */,
				A0D23B0B1E14DE8600BEC8AE /* ModalViewController.m in Sources */,
				A0D23B1B1E162B9400BEC8AE /* NormalDismissAnimation.m in Sources */,
				A0D23AED1E14C9A300BEC8AE /* SeasonTabBarController.m in Sources */,
				A0D23B041E14CBB500BEC8AE /* main.m in Sources */,
				A0D23B0E1E14E69900BEC8AE /* BouncePresentAnimation.m in Sources */,
				A0D23AFB1E14CA2600BEC8AE /* SpringViewController.m in Sources */,
				A037794F1E1F8D5A009D3DE6 /* JYAnimationController.m in Sources */,
			);
			runOnlyForDeploymentPostprocessing = 0;
		};
/* End PBXSourcesBuildPhase section */

/* Begin PBXVariantGroup section */
		A03577051D8F784A006D050F /* Main.storyboard */ = {
			isa = PBXVariantGroup;
			children = (
				A03577061D8F784A006D050F /* Base */,
			);
			name = Main.storyboard;
			sourceTree = "<group>";
		};
		A035770A1D8F784A006D050F /* LaunchScreen.storyboard */ = {
			isa = PBXVariantGroup;
			children = (
				A035770B1D8F784A006D050F /* Base */,
			);
			name = LaunchScreen.storyboard;
			sourceTree = "<group>";
		};
/* End PBXVariantGroup section */

/* Begin XCBuildConfiguration section */
		A035770E1D8F784A006D050F /* Debug */ = {
			isa = XCBuildConfiguration;
			buildSettings = {
				ALWAYS_SEARCH_USER_PATHS = NO;
				CLANG_ANALYZER_NONNULL = YES;
				CLANG_CXX_LANGUAGE_STANDARD = "gnu++0x";
				CLANG_CXX_LIBRARY = "libc++";
				CLANG_ENABLE_MODULES = YES;
				CLANG_ENABLE_OBJC_ARC = YES;
				CLANG_WARN_BOOL_CONVERSION = YES;
				CLANG_WARN_CONSTANT_CONVERSION = YES;
				CLANG_WARN_DIRECT_OBJC_ISA_USAGE = YES_ERROR;
				CLANG_WARN_EMPTY_BODY = YES;
				CLANG_WARN_ENUM_CONVERSION = YES;
				CLANG_WARN_INT_CONVERSION = YES;
				CLANG_WARN_OBJC_ROOT_CLASS = YES_ERROR;
				CLANG_WARN_UNREACHABLE_CODE = YES;
				CLANG_WARN__DUPLICATE_METHOD_MATCH = YES;
				"CODE_SIGN_IDENTITY[sdk=iphoneos*]" = "iPhone Developer";
				COPY_PHASE_STRIP = NO;
				DEBUG_INFORMATION_FORMAT = dwarf;
				ENABLE_STRICT_OBJC_MSGSEND = YES;
				ENABLE_TESTABILITY = YES;
				GCC_C_LANGUAGE_STANDARD = gnu99;
				GCC_DYNAMIC_NO_PIC = NO;
				GCC_NO_COMMON_BLOCKS = YES;
				GCC_OPTIMIZATION_LEVEL = 0;
				GCC_PREPROCESSOR_DEFINITIONS = (
					"DEBUG=1",
					"$(inherited)",
				);
				GCC_WARN_64_TO_32_BIT_CONVERSION = YES;
				GCC_WARN_ABOUT_RETURN_TYPE = YES_ERROR;
				GCC_WARN_UNDECLARED_SELECTOR = YES;
				GCC_WARN_UNINITIALIZED_AUTOS = YES_AGGRESSIVE;
				GCC_WARN_UNUSED_FUNCTION = YES;
				GCC_WARN_UNUSED_VARIABLE = YES;
				IPHONEOS_DEPLOYMENT_TARGET = 9.3;
				MTL_ENABLE_DEBUG_INFO = YES;
				ONLY_ACTIVE_ARCH = YES;
				SDKROOT = iphoneos;
				TARGETED_DEVICE_FAMILY = "1,2";
			};
			name = Debug;
		};
		A035770F1D8F784A006D050F /* Release */ = {
			isa = XCBuildConfiguration;
			buildSettings = {
				ALWAYS_SEARCH_USER_PATHS = NO;
				CLANG_ANALYZER_NONNULL = YES;
				CLANG_CXX_LANGUAGE_STANDARD = "gnu++0x";
				CLANG_CXX_LIBRARY = "libc++";
				CLANG_ENABLE_MODULES = YES;
				CLANG_ENABLE_OBJC_ARC = YES;
				CLANG_WARN_BOOL_CONVERSION = YES;
				CLANG_WARN_CONSTANT_CONVERSION = YES;
				CLANG_WARN_DIRECT_OBJC_ISA_USAGE = YES_ERROR;
				CLANG_WARN_EMPTY_BODY = YES;
				CLANG_WARN_ENUM_CONVERSION = YES;
				CLANG_WARN_INT_CONVERSION = YES;
				CLANG_WARN_OBJC_ROOT_CLASS = YES_ERROR;
				CLANG_WARN_UNREACHABLE_CODE = YES;
				CLANG_WARN__DUPLICATE_METHOD_MATCH = YES;
				"CODE_SIGN_IDENTITY[sdk=iphoneos*]" = "iPhone Developer";
				COPY_PHASE_STRIP = NO;
				DEBUG_INFORMATION_FORMAT = "dwarf-with-dsym";
				ENABLE_NS_ASSERTIONS = NO;
				ENABLE_STRICT_OBJC_MSGSEND = YES;
				GCC_C_LANGUAGE_STANDARD = gnu99;
				GCC_NO_COMMON_BLOCKS = YES;
				GCC_WARN_64_TO_32_BIT_CONVERSION = YES;
				GCC_WARN_ABOUT_RETURN_TYPE = YES_ERROR;
				GCC_WARN_UNDECLARED_SELECTOR = YES;
				GCC_WARN_UNINITIALIZED_AUTOS = YES_AGGRESSIVE;
				GCC_WARN_UNUSED_FUNCTION = YES;
				GCC_WARN_UNUSED_VARIABLE = YES;
				IPHONEOS_DEPLOYMENT_TARGET = 9.3;
				MTL_ENABLE_DEBUG_INFO = NO;
				SDKROOT = iphoneos;
				TARGETED_DEVICE_FAMILY = "1,2";
				VALIDATE_PRODUCT = YES;
			};
			name = Release;
		};
		A03577111D8F784A006D050F /* Debug */ = {
			isa = XCBuildConfiguration;
			buildSettings = {
				ASSETCATALOG_COMPILER_APPICON_NAME = AppIcon;
				GCC_PREFIX_HEADER = "JYTransition/Supporting Files/JYTransition-Prefix.pch";
				INFOPLIST_FILE = "JYTransition/Supporting Files/Info.plist";
				IPHONEOS_DEPLOYMENT_TARGET = 8.0;
				LD_RUNPATH_SEARCH_PATHS = "$(inherited) @executable_path/Frameworks";
				PRODUCT_BUNDLE_IDENTIFIER = com.NL.JYTransition;
				PRODUCT_NAME = "$(TARGET_NAME)";
			};
			name = Debug;
		};
		A03577121D8F784A006D050F /* Release */ = {
			isa = XCBuildConfiguration;
			buildSettings = {
				ASSETCATALOG_COMPILER_APPICON_NAME = AppIcon;
				GCC_PREFIX_HEADER = "JYTransition/Supporting Files/JYTransition-Prefix.pch";
				INFOPLIST_FILE = "JYTransition/Supporting Files/Info.plist";
				IPHONEOS_DEPLOYMENT_TARGET = 8.0;
				LD_RUNPATH_SEARCH_PATHS = "$(inherited) @executable_path/Frameworks";
				PRODUCT_BUNDLE_IDENTIFIER = com.NL.JYTransition;
				PRODUCT_NAME = "$(TARGET_NAME)";
			};
			name = Release;
		};
/* End XCBuildConfiguration section */

/* Begin XCConfigurationList section */
		A03576F41D8F784A006D050F /* Build configuration list for PBXProject "JYTransition" */ = {
			isa = XCConfigurationList;
			buildConfigurations = (
				A035770E1D8F784A006D050F /* Debug */,
				A035770F1D8F784A006D050F /* Release */,
			);
			defaultConfigurationIsVisible = 0;
			defaultConfigurationName = Release;
		};
		A03577101D8F784A006D050F /* Build configuration list for PBXNativeTarget "JYTransition" */ = {
			isa = XCConfigurationList;
			buildConfigurations = (
				A03577111D8F784A006D050F /* Debug */,
				A03577121D8F784A006D050F /* Release */,
			);
			defaultConfigurationIsVisible = 0;
			defaultConfigurationName = Release;
		};
/* End XCConfigurationList section */
	};
	rootObject = A03576F11D8F784A006D050F /* Project object */;
}
