// !$*UTF8*$!
{
	archiveVersion = 1;
	classes = {
	};
	objectVersion = 46;
	objects = {

/* Begin PBXBuildFile section */
		A03577011D8F784A006D050F /* AppDelegate.m in Sources */ = {isa = PBXBuildFile; fileRef = A03577001D8F784A006D050F /* AppDelegate.m */; };
		A03577071D8F784A006D050F /* Main.storyboard in Resources */ = {isa = PBXBuildFile; fileRef = A03577051D8F784A006D050F /* Main.storyboard */; };
		A03577091D8F784A006D050F /* Assets.xcassets in Resources */ = {isa = PBXBuildFile; fileRef = A03577081D8F784A006D050F /* Assets.xcassets */; };
		A035770C1D8F784A006D050F /* LaunchScreen.storyboard in Resources */ = {isa = PBXBuildFile; fileRef = A035770A1D8F784A006D050F /* LaunchScreen.storyboard */; };
		A035772D1D913C96006D050F /* ContainerViewController.m in Sources */ = {isa = PBXBuildFile; fileRef = A035772C1D913C96006D050F /* ContainerViewController.m */; };
		A09144321EAF22CC0035A84F /* CATransitionViewController.m in Sources */ = {isa = PBXBuildFile; fileRef = A09144261EAF22CC0035A84F /* CATransitionViewController.m */; };
		A09144331EAF22CC0035A84F /* MapleLeafViewController.m in Sources */ = {isa = PBXBuildFile; fileRef = A09144281EAF22CC0035A84F /* MapleLeafViewController.m */; };
		A09144341EAF22CC0035A84F /* ChildAViewController.m in Sources */ = {isa = PBXBuildFile; fileRef = A091442B1EAF22CC0035A84F /* ChildAViewController.m */; };
		A09144351EAF22CC0035A84F /* ChildBViewController.m in Sources */ = {isa = PBXBuildFile; fileRef = A091442D1EAF22CC0035A84F /* ChildBViewController.m */; };
		A09144361EAF22CC0035A84F /* TransitionFromVCViewController.m in Sources */ = {isa = PBXBuildFile; fileRef = A091442F1EAF22CC0035A84F /* TransitionFromVCViewController.m */; };
		A09144371EAF22CC0035A84F /* WinterRootViewController.m in Sources */ = {isa = PBXBuildFile; fileRef = A09144311EAF22CC0035A84F /* WinterRootViewController.m */; };
		A09144541EAF23BB0035A84F /* CustomNavigationControllerDelegate.m in Sources */ = {isa = PBXBuildFile; fileRef = A091443B1EAF23BB0035A84F /* CustomNavigationControllerDelegate.m */; };
		A09144551EAF23BB0035A84F /* CustomPopAnimation.m in Sources */ = {isa = PBXBuildFile; fileRef = A091443D1EAF23BB0035A84F /* CustomPopAnimation.m */; };
		A09144561EAF23BB0035A84F /* JYAnimationController.m in Sources */ = {isa = PBXBuildFile; fileRef = A09144401EAF23BB0035A84F /* JYAnimationController.m */; };
		A09144571EAF23BB0035A84F /* JYTransitionDelegate.m in Sources */ = {isa = PBXBuildFile; fileRef = A09144421EAF23BB0035A84F /* JYTransitionDelegate.m */; };
		A09144581EAF23BB0035A84F /* ModalViewController.m in Sources */ = {isa = PBXBuildFile; fileRef = A09144451EAF23BB0035A84F /* ModalViewController.m */; };
		A091445A1EAF23BB0035A84F /* SpringViewController.m in Sources */ = {isa = PBXBuildFile; fileRef = A09144491EAF23BB0035A84F /* SpringViewController.m */; };
		A091445B1EAF23BB0035A84F /* BouncePresentAnimation.m in Sources */ = {isa = PBXBuildFile; fileRef = A091444C1EAF23BB0035A84F /* BouncePresentAnimation.m */; };
		A091445C1EAF23BB0035A84F /* NormalDismissAnimation.m in Sources */ = {isa = PBXBuildFile; fileRef = A091444E1EAF23BB0035A84F /* NormalDismissAnimation.m */; };
		A091445D1EAF23BB0035A84F /* SwipeInteractiveTransition.m in Sources */ = {isa = PBXBuildFile; fileRef = A09144501EAF23BB0035A84F /* SwipeInteractiveTransition.m */; };
		A09144611EAF242A0035A84F /* PushViewController.m in Sources */ = {isa = PBXBuildFile; fileRef = A09144601EAF242A0035A84F /* PushViewController.m */; };
		A09144651EAF249E0035A84F /* AutumnViewController.m in Sources */ = {isa = PBXBuildFile; fileRef = A09144641EAF249E0035A84F /* AutumnViewController.m */; };
		A09144681EAF25270035A84F /* SummerViewController.m in Sources */ = {isa = PBXBuildFile; fileRef = A09144671EAF25270035A84F /* SummerViewController.m */; };
		A091446B1EAF25AC0035A84F /* SwipePushInteractiveTransition.m in Sources */ = {isa = PBXBuildFile; fileRef = A091446A1EAF25AC0035A84F /* SwipePushInteractiveTransition.m */; };
		A09144711EAF3DA20035A84F /* PagePushAnimation.m in Sources */ = {isa = PBXBuildFile; fileRef = A09144701EAF3DA20035A84F /* PagePushAnimation.m */; };
		A09144741EAF3DAD0035A84F /* PagePopAnimation.m in Sources */ = {isa = PBXBuildFile; fileRef = A09144731EAF3DAD0035A84F /* PagePopAnimation.m */; };
		A09144771EAF3F920035A84F /* PageNavigationControllerDelegate.m in Sources */ = {isa = PBXBuildFile; fileRef = A09144761EAF3F920035A84F /* PageNavigationControllerDelegate.m */; };
		A091447A1EAF40FB0035A84F /* CustomNavigationController.m in Sources */ = {isa = PBXBuildFile; fileRef = A09144791EAF40FB0035A84F /* CustomNavigationController.m */; };
		A0D23B031E14CBB500BEC8AE /* Info.plist in Resources */ = {isa = PBXBuildFile; fileRef = A0D23B011E14CBB500BEC8AE /* Info.plist */; };
		A0D23B041E14CBB500BEC8AE /* main.m in Sources */ = {isa = PBXBuildFile; fileRef = A0D23B021E14CBB500BEC8AE /* main.m */; };
/* End PBXBuildFile section */

/* Begin PBXFileReference section */
		A03576F91D8F784A006D050F /* JYTransition.app */ = {isa = PBXFileReference; explicitFileType = wrapper.application; includeInIndex = 0; path = JYTransition.app; sourceTree = BUILT_PRODUCTS_DIR; };
		A03576FF1D8F784A006D050F /* AppDelegate.h */ = {isa = PBXFileReference; lastKnownFileType = sourcecode.c.h; path = AppDelegate.h; sourceTree = "<group>"; };
		A03577001D8F784A006D050F /* AppDelegate.m */ = {isa = PBXFileReference; lastKnownFileType = sourcecode.c.objc; path = AppDelegate.m; sourceTree = "<group>"; };
		A03577061D8F784A006D050F /* Base */ = {isa = PBXFileReference; lastKnownFileType = file.storyboard; name = Base; path = Base.lproj/Main.storyboard; sourceTree = "<group>"; };
		A03577081D8F784A006D050F /* Assets.xcassets */ = {isa = PBXFileReference; lastKnownFileType = folder.assetcatalog; path = Assets.xcassets; sourceTree = "<group>"; };
		A035770B1D8F784A006D050F /* Base */ = {isa = PBXFileReference; lastKnownFileType = file.storyboard; name = Base; path = Base.lproj/LaunchScreen.storyboard; sourceTree = "<group>"; };
		A035772B1D913C96006D050F /* ContainerViewController.h */ = {isa = PBXFileReference; fileEncoding = 4; lastKnownFileType = sourcecode.c.h; name = ContainerViewController.h; path = Transition/ContainerViewController.h; sourceTree = "<group>"; };
		A035772C1D913C96006D050F /* ContainerViewController.m */ = {isa = PBXFileReference; fileEncoding = 4; lastKnownFileType = sourcecode.c.objc; name = ContainerViewController.m; path = Transition/ContainerViewController.m; sourceTree = "<group>"; };
		A09144251EAF22CC0035A84F /* CATransitionViewController.h */ = {isa = PBXFileReference; fileEncoding = 4; lastKnownFileType = sourcecode.c.h; path = CATransitionViewController.h; sourceTree = "<group>"; };
		A09144261EAF22CC0035A84F /* CATransitionViewController.m */ = {isa = PBXFileReference; fileEncoding = 4; lastKnownFileType = sourcecode.c.objc; path = CATransitionViewController.m; sourceTree = "<group>"; };
		A09144271EAF22CC0035A84F /* MapleLeafViewController.h */ = {isa = PBXFileReference; fileEncoding = 4; lastKnownFileType = sourcecode.c.h; path = MapleLeafViewController.h; sourceTree = "<group>"; };
		A09144281EAF22CC0035A84F /* MapleLeafViewController.m */ = {isa = PBXFileReference; fileEncoding = 4; lastKnownFileType = sourcecode.c.objc; path = MapleLeafViewController.m; sourceTree = "<group>"; };
		A091442A1EAF22CC0035A84F /* ChildAViewController.h */ = {isa = PBXFileReference; fileEncoding = 4; lastKnownFileType = sourcecode.c.h; path = ChildAViewController.h; sourceTree = "<group>"; };
		A091442B1EAF22CC0035A84F /* ChildAViewController.m */ = {isa = PBXFileReference; fileEncoding = 4; lastKnownFileType = sourcecode.c.objc; path = ChildAViewController.m; sourceTree = "<group>"; };
		A091442C1EAF22CC0035A84F /* ChildBViewController.h */ = {isa = PBXFileReference; fileEncoding = 4; lastKnownFileType = sourcecode.c.h; path = ChildBViewController.h; sourceTree = "<group>"; };
		A091442D1EAF22CC0035A84F /* ChildBViewController.m */ = {isa = PBXFileReference; fileEncoding = 4; lastKnownFileType = sourcecode.c.objc; path = ChildBViewController.m; sourceTree = "<group>"; };
		A091442E1EAF22CC0035A84F /* TransitionFromVCViewController.h */ = {isa = PBXFileReference; fileEncoding = 4; lastKnownFileType = sourcecode.c.h; path = TransitionFromVCViewController.h; sourceTree = "<group>"; };
		A091442F1EAF22CC0035A84F /* TransitionFromVCViewController.m */ = {isa = PBXFileReference; fileEncoding = 4; lastKnownFileType = sourcecode.c.objc; path = TransitionFromVCViewController.m; sourceTree = "<group>"; };
		A09144301EAF22CC0035A84F /* WinterRootViewController.h */ = {isa = PBXFileReference; fileEncoding = 4; lastKnownFileType = sourcecode.c.h; path = WinterRootViewController.h; sourceTree = "<group>"; };
		A09144311EAF22CC0035A84F /* WinterRootViewController.m */ = {isa = PBXFileReference; fileEncoding = 4; lastKnownFileType = sourcecode.c.objc; path = WinterRootViewController.m; sourceTree = "<group>"; };
		A091443A1EAF23BB0035A84F /* CustomNavigationControllerDelegate.h */ = {isa = PBXFileReference; fileEncoding = 4; lastKnownFileType = sourcecode.c.h; path = CustomNavigationControllerDelegate.h; sourceTree = "<group>"; };
		A091443B1EAF23BB0035A84F /* CustomNavigationControllerDelegate.m */ = {isa = PBXFileReference; fileEncoding = 4; lastKnownFileType = sourcecode.c.objc; path = CustomNavigationControllerDelegate.m; sourceTree = "<group>"; };
		A091443C1EAF23BB0035A84F /* CustomPopAnimation.h */ = {isa = PBXFileReference; fileEncoding = 4; lastKnownFileType = sourcecode.c.h; path = CustomPopAnimation.h; sourceTree = "<group>"; };
		A091443D1EAF23BB0035A84F /* CustomPopAnimation.m */ = {isa = PBXFileReference; fileEncoding = 4; lastKnownFileType = sourcecode.c.objc; path = CustomPopAnimation.m; sourceTree = "<group>"; };
		A091443F1EAF23BB0035A84F /* JYAnimationController.h */ = {isa = PBXFileReference; fileEncoding = 4; lastKnownFileType = sourcecode.c.h; path = JYAnimationController.h; sourceTree = "<group>"; };
		A09144401EAF23BB0035A84F /* JYAnimationController.m */ = {isa = PBXFileReference; fileEncoding = 4; lastKnownFileType = sourcecode.c.objc; path = JYAnimationController.m; sourceTree = "<group>"; };
		A09144411EAF23BB0035A84F /* JYTransitionDelegate.h */ = {isa = PBXFileReference; fileEncoding = 4; lastKnownFileType = sourcecode.c.h; path = JYTransitionDelegate.h; sourceTree = "<group>"; };
		A09144421EAF23BB0035A84F /* JYTransitionDelegate.m */ = {isa = PBXFileReference; fileEncoding = 4; lastKnownFileType = sourcecode.c.objc; path = JYTransitionDelegate.m; sourceTree = "<group>"; };
		A09144441EAF23BB0035A84F /* ModalViewController.h */ = {isa = PBXFileReference; fileEncoding = 4; lastKnownFileType = sourcecode.c.h; path = ModalViewController.h; sourceTree = "<group>"; };
		A09144451EAF23BB0035A84F /* ModalViewController.m */ = {isa = PBXFileReference; fileEncoding = 4; lastKnownFileType = sourcecode.c.objc; path = ModalViewController.m; sourceTree = "<group>"; };
		A09144481EAF23BB0035A84F /* SpringViewController.h */ = {isa = PBXFileReference; fileEncoding = 4; lastKnownFileType = sourcecode.c.h; path = SpringViewController.h; sourceTree = "<group>"; };
		A09144491EAF23BB0035A84F /* SpringViewController.m */ = {isa = PBXFileReference; fileEncoding = 4; lastKnownFileType = sourcecode.c.objc; path = SpringViewController.m; sourceTree = "<group>"; };
		A091444B1EAF23BB0035A84F /* BouncePresentAnimation.h */ = {isa = PBXFileReference; fileEncoding = 4; lastKnownFileType = sourcecode.c.h; path = BouncePresentAnimation.h; sourceTree = "<group>"; };
		A091444C1EAF23BB0035A84F /* BouncePresentAnimation.m */ = {isa = PBXFileReference; fileEncoding = 4; lastKnownFileType = sourcecode.c.objc; path = BouncePresentAnimation.m; sourceTree = "<group>"; };
		A091444D1EAF23BB0035A84F /* NormalDismissAnimation.h */ = {isa = PBXFileReference; fileEncoding = 4; lastKnownFileType = sourcecode.c.h; path = NormalDismissAnimation.h; sourceTree = "<group>"; };
		A091444E1EAF23BB0035A84F /* NormalDismissAnimation.m */ = {isa = PBXFileReference; fileEncoding = 4; lastKnownFileType = sourcecode.c.objc; path = NormalDismissAnimation.m; sourceTree = "<group>"; };
		A091444F1EAF23BB0035A84F /* SwipeInteractiveTransition.h */ = {isa = PBXFileReference; fileEncoding = 4; lastKnownFileType = sourcecode.c.h; path = SwipeInteractiveTransition.h; sourceTree = "<group>"; };
		A09144501EAF23BB0035A84F /* SwipeInteractiveTransition.m */ = {isa = PBXFileReference; fileEncoding = 4; lastKnownFileType = sourcecode.c.objc; path = SwipeInteractiveTransition.m; sourceTree = "<group>"; };
		A091445F1EAF242A0035A84F /* PushViewController.h */ = {isa = PBXFileReference; fileEncoding = 4; lastKnownFileType = sourcecode.c.h; path = PushViewController.h; sourceTree = "<group>"; };
		A09144601EAF242A0035A84F /* PushViewController.m */ = {isa = PBXFileReference; fileEncoding = 4; lastKnownFileType = sourcecode.c.objc; path = PushViewController.m; sourceTree = "<group>"; };
		A09144631EAF249E0035A84F /* AutumnViewController.h */ = {isa = PBXFileReference; fileEncoding = 4; lastKnownFileType = sourcecode.c.h; path = AutumnViewController.h; sourceTree = "<group>"; };
		A09144641EAF249E0035A84F /* AutumnViewController.m */ = {isa = PBXFileReference; fileEncoding = 4; lastKnownFileType = sourcecode.c.objc; path = AutumnViewController.m; sourceTree = "<group>"; };
		A09144661EAF25270035A84F /* SummerViewController.h */ = {isa = PBXFileReference; fileEncoding = 4; lastKnownFileType = sourcecode.c.h; path = SummerViewController.h; sourceTree = "<group>"; };
		A09144671EAF25270035A84F /* SummerViewController.m */ = {isa = PBXFileReference; fileEncoding = 4; lastKnownFileType = sourcecode.c.objc; path = SummerViewController.m; sourceTree = "<group>"; };
		A09144691EAF25AC0035A84F /* SwipePushInteractiveTransition.h */ = {isa = PBXFileReference; fileEncoding = 4; lastKnownFileType = sourcecode.c.h; path = SwipePushInteractiveTransition.h; sourceTree = "<group>"; };
		A091446A1EAF25AC0035A84F /* SwipePushInteractiveTransition.m */ = {isa = PBXFileReference; fileEncoding = 4; lastKnownFileType = sourcecode.c.objc; path = SwipePushInteractiveTransition.m; sourceTree = "<group>"; };
		A091446F1EAF3DA20035A84F /* PagePushAnimation.h */ = {isa = PBXFileReference; fileEncoding = 4; lastKnownFileType = sourcecode.c.h; path = PagePushAnimation.h; sourceTree = "<group>"; };
		A09144701EAF3DA20035A84F /* PagePushAnimation.m */ = {isa = PBXFileReference; fileEncoding = 4; lastKnownFileType = sourcecode.c.objc; path = PagePushAnimation.m; sourceTree = "<group>"; };
		A09144721EAF3DAD0035A84F /* PagePopAnimation.h */ = {isa = PBXFileReference; fileEncoding = 4; lastKnownFileType = sourcecode.c.h; path = PagePopAnimation.h; sourceTree = "<group>"; };
		A09144731EAF3DAD0035A84F /* PagePopAnimation.m */ = {isa = PBXFileReference; fileEncoding = 4; lastKnownFileType = sourcecode.c.objc; path = PagePopAnimation.m; sourceTree = "<group>"; };
		A09144751EAF3F920035A84F /* PageNavigationControllerDelegate.h */ = {isa = PBXFileReference; fileEncoding = 4; lastKnownFileType = sourcecode.c.h; path = PageNavigationControllerDelegate.h; sourceTree = "<group>"; };
		A09144761EAF3F920035A84F /* PageNavigationControllerDelegate.m */ = {isa = PBXFileReference; fileEncoding = 4; lastKnownFileType = sourcecode.c.objc; path = PageNavigationControllerDelegate.m; sourceTree = "<group>"; };
		A09144781EAF40FB0035A84F /* CustomNavigationController.h */ = {isa = PBXFileReference; fileEncoding = 4; lastKnownFileType = sourcecode.c.h; path = CustomNavigationController.h; sourceTree = "<group>"; };
		A09144791EAF40FB0035A84F /* CustomNavigationController.m */ = {isa = PBXFileReference; fileEncoding = 4; lastKnownFileType = sourcecode.c.objc; path = CustomNavigationController.m; sourceTree = "<group>"; };
		A0D23B011E14CBB500BEC8AE /* Info.plist */ = {isa = PBXFileReference; fileEncoding = 4; lastKnownFileType = text.plist.xml; name = Info.plist; path = "Supporting Files/Info.plist"; sourceTree = "<group>"; };
		A0D23B021E14CBB500BEC8AE /* main.m */ = {isa = PBXFileReference; fileEncoding = 4; lastKnownFileType = sourcecode.c.objc; name = main.m; path = "Supporting Files/main.m"; sourceTree = "<group>"; };
		A0D23B141E16231600BEC8AE /* JYTransition-Prefix.pch */ = {isa = PBXFileReference; lastKnownFileType = sourcecode.c.h; name = "JYTransition-Prefix.pch"; path = "Supporting Files/JYTransition-Prefix.pch"; sourceTree = "<group>"; };
/* End PBXFileReference section */

/* Begin PBXFrameworksBuildPhase section */
		A03576F61D8F784A006D050F /* Frameworks */ = {
			isa = PBXFrameworksBuildPhase;
			buildActionMask = 2147483647;
			files = (
			);
			runOnlyForDeploymentPostprocessing = 0;
		};
/* End PBXFrameworksBuildPhase section */

/* Begin PBXGroup section */
		A03576F01D8F784A006D050F = {
			isa = PBXGroup;
			children = (
				A03576FB1D8F784A006D050F /* JYTransition */,
				A03576FA1D8F784A006D050F /* Products */,
			);
			sourceTree = "<group>";
		};
		A03576FA1D8F784A006D050F /* Products */ = {
			isa = PBXGroup;
			children = (
				A03576F91D8F784A006D050F /* JYTransition.app */,
			);
			name = Products;
			sourceTree = "<group>";
		};
		A03576FB1D8F784A006D050F /* JYTransition */ = {
			isa = PBXGroup;
			children = (
				A09144431EAF23BB0035A84F /* 自定义Modal转场 */,
				A09144511EAF23BB0035A84F /* 自定义Push转场 */,
				A09144381EAF23BB0035A84F /* 封装自定义转场 */,
				A09144231EAF22CC0035A84F /* Others */,
				A03576FF1D8F784A006D050F /* AppDelegate.h */,
				A03577001D8F784A006D050F /* AppDelegate.m */,
				A03577051D8F784A006D050F /* Main.storyboard */,
				A03577081D8F784A006D050F /* Assets.xcassets */,
				A035772A1D913C7D006D050F /* Transition */,
				A03576FC1D8F784A006D050F /* Supporting Files */,
			);
			path = JYTransition;
			sourceTree = "<group>";
		};
		A03576FC1D8F784A006D050F /* Supporting Files */ = {
			isa = PBXGroup;
			children = (
				A035770A1D8F784A006D050F /* LaunchScreen.storyboard */,
				A0D23B011E14CBB500BEC8AE /* Info.plist */,
				A0D23B021E14CBB500BEC8AE /* main.m */,
				A0D23B141E16231600BEC8AE /* JYTransition-Prefix.pch */,
			);
			name = "Supporting Files";
			sourceTree = "<group>";
		};
		A035772A1D913C7D006D050F /* Transition */ = {
			isa = PBXGroup;
			children = (
				A035772B1D913C96006D050F /* ContainerViewController.h */,
				A035772C1D913C96006D050F /* ContainerViewController.m */,
			);
			name = Transition;
			sourceTree = "<group>";
		};
		A09144231EAF22CC0035A84F /* Others */ = {
			isa = PBXGroup;
			children = (
				A09144241EAF22CC0035A84F /* CATransition */,
				A09144291EAF22CC0035A84F /* TransitionFromViewController */,
				A09144301EAF22CC0035A84F /* WinterRootViewController.h */,
				A09144311EAF22CC0035A84F /* WinterRootViewController.m */,
			);
			path = Others;
			sourceTree = "<group>";
		};
		A09144241EAF22CC0035A84F /* CATransition */ = {
			isa = PBXGroup;
			children = (
				A09144251EAF22CC0035A84F /* CATransitionViewController.h */,
				A09144261EAF22CC0035A84F /* CATransitionViewController.m */,
				A09144271EAF22CC0035A84F /* MapleLeafViewController.h */,
				A09144281EAF22CC0035A84F /* MapleLeafViewController.m */,
			);
			path = CATransition;
			sourceTree = "<group>";
		};
		A09144291EAF22CC0035A84F /* TransitionFromViewController */ = {
			isa = PBXGroup;
			children = (
				A091442A1EAF22CC0035A84F /* ChildAViewController.h */,
				A091442B1EAF22CC0035A84F /* ChildAViewController.m */,
				A091442C1EAF22CC0035A84F /* ChildBViewController.h */,
				A091442D1EAF22CC0035A84F /* ChildBViewController.m */,
				A091442E1EAF22CC0035A84F /* TransitionFromVCViewController.h */,
				A091442F1EAF22CC0035A84F /* TransitionFromVCViewController.m */,
			);
			path = TransitionFromViewController;
			sourceTree = "<group>";
		};
		A09144381EAF23BB0035A84F /* 封装自定义转场 */ = {
			isa = PBXGroup;
			children = (
				A09144391EAF23BB0035A84F /* CustomTransition */,
				A091443E1EAF23BB0035A84F /* Encapsulation */,
				A09144631EAF249E0035A84F /* AutumnViewController.h */,
				A09144641EAF249E0035A84F /* AutumnViewController.m */,
			);
			path = "封装自定义转场";
			sourceTree = "<group>";
		};
		A09144391EAF23BB0035A84F /* CustomTransition */ = {
			isa = PBXGroup;
			children = (
				A091443A1EAF23BB0035A84F /* CustomNavigationControllerDelegate.h */,
				A091443B1EAF23BB0035A84F /* CustomNavigationControllerDelegate.m */,
				A091443C1EAF23BB0035A84F /* CustomPopAnimation.h */,
				A091443D1EAF23BB0035A84F /* CustomPopAnimation.m */,
			);
			path = CustomTransition;
			sourceTree = "<group>";
		};
		A091443E1EAF23BB0035A84F /* Encapsulation */ = {
			isa = PBXGroup;
			children = (
				A091443F1EAF23BB0035A84F /* JYAnimationController.h */,
				A09144401EAF23BB0035A84F /* JYAnimationController.m */,
				A09144411EAF23BB0035A84F /* JYTransitionDelegate.h */,
				A09144421EAF23BB0035A84F /* JYTransitionDelegate.m */,
			);
			path = Encapsulation;
			sourceTree = "<group>";
		};
		A09144431EAF23BB0035A84F /* 自定义Modal转场 */ = {
			isa = PBXGroup;
			children = (
				A091444A1EAF23BB0035A84F /* 转场协议 */,
				A09144481EAF23BB0035A84F /* SpringViewController.h */,
				A09144491EAF23BB0035A84F /* SpringViewController.m */,
				A09144441EAF23BB0035A84F /* ModalViewController.h */,
				A09144451EAF23BB0035A84F /* ModalViewController.m */,
			);
			path = "自定义Modal转场";
			sourceTree = "<group>";
		};
		A091444A1EAF23BB0035A84F /* 转场协议 */ = {
			isa = PBXGroup;
			children = (
				A091444B1EAF23BB0035A84F /* BouncePresentAnimation.h */,
				A091444C1EAF23BB0035A84F /* BouncePresentAnimation.m */,
				A091444D1EAF23BB0035A84F /* NormalDismissAnimation.h */,
				A091444E1EAF23BB0035A84F /* NormalDismissAnimation.m */,
				A091444F1EAF23BB0035A84F /* SwipeInteractiveTransition.h */,
				A09144501EAF23BB0035A84F /* SwipeInteractiveTransition.m */,
			);
			path = "转场协议";
			sourceTree = "<group>";
		};
		A09144511EAF23BB0035A84F /* 自定义Push转场 */ = {
			isa = PBXGroup;
			children = (
				A09144621EAF243C0035A84F /* 转场协议 */,
				A09144781EAF40FB0035A84F /* CustomNavigationController.h */,
				A09144791EAF40FB0035A84F /* CustomNavigationController.m */,
				A09144661EAF25270035A84F /* SummerViewController.h */,
				A09144671EAF25270035A84F /* SummerViewController.m */,
				A091445F1EAF242A0035A84F /* PushViewController.h */,
				A09144601EAF242A0035A84F /* PushViewController.m */,
			);
			path = "自定义Push转场";
			sourceTree = "<group>";
		};
		A09144621EAF243C0035A84F /* 转场协议 */ = {
			isa = PBXGroup;
			children = (
				A09144691EAF25AC0035A84F /* SwipePushInteractiveTransition.h */,
				A091446A1EAF25AC0035A84F /* SwipePushInteractiveTransition.m */,
				A091446F1EAF3DA20035A84F /* PagePushAnimation.h */,
				A09144701EAF3DA20035A84F /* PagePushAnimation.m */,
				A09144721EAF3DAD0035A84F /* PagePopAnimation.h */,
				A09144731EAF3DAD0035A84F /* PagePopAnimation.m */,
				A09144751EAF3F920035A84F /* PageNavigationControllerDelegate.h */,
				A09144761EAF3F920035A84F /* PageNavigationControllerDelegate.m */,
			);
			path = "转场协议";
			sourceTree = "<group>";
		};
/* End PBXGroup section */

/* Begin PBXNativeTarget section */
		A03576F81D8F784A006D050F /* JYTransition */ = {
			isa = PBXNativeTarget;
			buildConfigurationList = A03577101D8F784A006D050F /* Build configuration list for PBXNativeTarget "JYTransition" */;
			buildPhases = (
				A03576F51D8F784A006D050F /* Sources */,
				A03576F61D8F784A006D050F /* Frameworks */,
				A03576F71D8F784A006D050F /* Resources */,
			);
			buildRules = (
			);
			dependencies = (
			);
			name = JYTransition;
			productName = JYTransition;
			productReference = A03576F91D8F784A006D050F /* JYTransition.app */;
			productType = "com.apple.product-type.application";
		};
/* End PBXNativeTarget section */

/* Begin PBXProject section */
		A03576F11D8F784A006D050F /* Project object */ = {
			isa = PBXProject;
			attributes = {
				LastUpgradeCheck = 0730;
				ORGANIZATIONNAME = Jolie_Yang;
				TargetAttributes = {
					A03576F81D8F784A006D050F = {
						CreatedOnToolsVersion = 7.3.1;
					};
				};
			};
			buildConfigurationList = A03576F41D8F784A006D050F /* Build configuration list for PBXProject "JYTransition" */;
			compatibilityVersion = "Xcode 3.2";
			developmentRegion = English;
			hasScannedForEncodings = 0;
			knownRegions = (
				en,
				Base,
			);
			mainGroup = A03576F01D8F784A006D050F;
			productRefGroup = A03576FA1D8F784A006D050F /* Products */;
			projectDirPath = "";
			projectRoot = "";
			targets = (
				A03576F81D8F784A006D050F /* JYTransition */,
			);
		};
/* End PBXProject section */

/* Begin PBXResourcesBuildPhase section */
		A03576F71D8F784A006D050F /* Resources */ = {
			isa = PBXResourcesBuildPhase;
			buildActionMask = 2147483647;
			files = (
				A0D23B031E14CBB500BEC8AE /* Info.plist in Resources */,
				A035770C1D8F784A006D050F /* LaunchScreen.storyboard in Resources */,
				A03577091D8F784A006D050F /* Assets.xcassets in Resources */,
				A03577071D8F784A006D050F /* Main.storyboard in Resources */,
			);
			runOnlyForDeploymentPostprocessing = 0;
		};
/* End PBXResourcesBuildPhase section */

/* Begin PBXSourcesBuildPhase section */
		A03576F51D8F784A006D050F /* Sources */ = {
			isa = PBXSourcesBuildPhase;
			buildActionMask = 2147483647;
			files = (
				A09144711EAF3DA20035A84F /* PagePushAnimation.m in Sources */,
				A09144771EAF3F920035A84F /* PageNavigationControllerDelegate.m in Sources */,
				A091446B1EAF25AC0035A84F /* SwipePushInteractiveTransition.m in Sources */,
				A09144551EAF23BB0035A84F /* CustomPopAnimation.m in Sources */,
				A03577011D8F784A006D050F /* AppDelegate.m in Sources */,
				A09144581EAF23BB0035A84F /* ModalViewController.m in Sources */,
				A091445A1EAF23BB0035A84F /* SpringViewController.m in Sources */,
				A09144541EAF23BB0035A84F /* CustomNavigationControllerDelegate.m in Sources */,
				A09144611EAF242A0035A84F /* PushViewController.m in Sources */,
				A035772D1D913C96006D050F /* ContainerViewController.m in Sources */,
				A091447A1EAF40FB0035A84F /* CustomNavigationController.m in Sources */,
				A09144351EAF22CC0035A84F /* ChildBViewController.m in Sources */,
				A09144561EAF23BB0035A84F /* JYAnimationController.m in Sources */,
				A09144681EAF25270035A84F /* SummerViewController.m in Sources */,
				A09144361EAF22CC0035A84F /* TransitionFromVCViewController.m in Sources */,
				A09144331EAF22CC0035A84F /* MapleLeafViewController.m in Sources */,
				A09144371EAF22CC0035A84F /* WinterRootViewController.m in Sources */,
				A09144571EAF23BB0035A84F /* JYTransitionDelegate.m in Sources */,
				A091445C1EAF23BB0035A84F /* NormalDismissAnimation.m in Sources */,
				A09144341EAF22CC0035A84F /* ChildAViewController.m in Sources */,
				A0D23B041E14CBB500BEC8AE /* main.m in Sources */,
				A09144741EAF3DAD0035A84F /* PagePopAnimation.m in Sources */,
				A091445B1EAF23BB0035A84F /* BouncePresentAnimation.m in Sources */,
				A091445D1EAF23BB0035A84F /* SwipeInteractiveTransition.m in Sources */,
				A09144651EAF249E0035A84F /* AutumnViewController.m in Sources */,
				A09144321EAF22CC0035A84F /* CATransitionViewController.m in Sources */,
			);
			runOnlyForDeploymentPostprocessing = 0;
		};
/* End PBXSourcesBuildPhase section */

/* Begin PBXVariantGroup section */
		A03577051D8F784A006D050F /* Main.storyboard */ = {
			isa = PBXVariantGroup;
			children = (
				A03577061D8F784A006D050F /* Base */,
			);
			name = Main.storyboard;
			sourceTree = "<group>";
		};
		A035770A1D8F784A006D050F /* LaunchScreen.storyboard */ = {
			isa = PBXVariantGroup;
			children = (
				A035770B1D8F784A006D050F /* Base */,
			);
			name = LaunchScreen.storyboard;
			sourceTree = "<group>";
		};
/* End PBXVariantGroup section */

/* Begin XCBuildConfiguration section */
		A035770E1D8F784A006D050F /* Debug */ = {
			isa = XCBuildConfiguration;
			buildSettings = {
				ALWAYS_SEARCH_USER_PATHS = NO;
				CLANG_ANALYZER_NONNULL = YES;
				CLANG_CXX_LANGUAGE_STANDARD = "gnu++0x";
				CLANG_CXX_LIBRARY = "libc++";
				CLANG_ENABLE_MODULES = YES;
				CLANG_ENABLE_OBJC_ARC = YES;
				CLANG_WARN_BOOL_CONVERSION = YES;
				CLANG_WARN_CONSTANT_CONVERSION = YES;
				CLANG_WARN_DIRECT_OBJC_ISA_USAGE = YES_ERROR;
				CLANG_WARN_EMPTY_BODY = YES;
				CLANG_WARN_ENUM_CONVERSION = YES;
				CLANG_WARN_INT_CONVERSION = YES;
				CLANG_WARN_OBJC_ROOT_CLASS = YES_ERROR;
				CLANG_WARN_UNREACHABLE_CODE = YES;
				CLANG_WARN__DUPLICATE_METHOD_MATCH = YES;
				"CODE_SIGN_IDENTITY[sdk=iphoneos*]" = "iPhone Developer";
				COPY_PHASE_STRIP = NO;
				DEBUG_INFORMATION_FORMAT = dwarf;
				ENABLE_STRICT_OBJC_MSGSEND = YES;
				ENABLE_TESTABILITY = YES;
				GCC_C_LANGUAGE_STANDARD = gnu99;
				GCC_DYNAMIC_NO_PIC = NO;
				GCC_NO_COMMON_BLOCKS = YES;
				GCC_OPTIMIZATION_LEVEL = 0;
				GCC_PREPROCESSOR_DEFINITIONS = (
					"DEBUG=1",
					"$(inherited)",
				);
				GCC_WARN_64_TO_32_BIT_CONVERSION = YES;
				GCC_WARN_ABOUT_RETURN_TYPE = YES_ERROR;
				GCC_WARN_UNDECLARED_SELECTOR = YES;
				GCC_WARN_UNINITIALIZED_AUTOS = YES_AGGRESSIVE;
				GCC_WARN_UNUSED_FUNCTION = YES;
				GCC_WARN_UNUSED_VARIABLE = YES;
				IPHONEOS_DEPLOYMENT_TARGET = 9.3;
				MTL_ENABLE_DEBUG_INFO = YES;
				ONLY_ACTIVE_ARCH = YES;
				SDKROOT = iphoneos;
				TARGETED_DEVICE_FAMILY = "1,2";
			};
			name = Debug;
		};
		A035770F1D8F784A006D050F /* Release */ = {
			isa = XCBuildConfiguration;
			buildSettings = {
				ALWAYS_SEARCH_USER_PATHS = NO;
				CLANG_ANALYZER_NONNULL = YES;
				CLANG_CXX_LANGUAGE_STANDARD = "gnu++0x";
				CLANG_CXX_LIBRARY = "libc++";
				CLANG_ENABLE_MODULES = YES;
				CLANG_ENABLE_OBJC_ARC = YES;
				CLANG_WARN_BOOL_CONVERSION = YES;
				CLANG_WARN_CONSTANT_CONVERSION = YES;
				CLANG_WARN_DIRECT_OBJC_ISA_USAGE = YES_ERROR;
				CLANG_WARN_EMPTY_BODY = YES;
				CLANG_WARN_ENUM_CONVERSION = YES;
				CLANG_WARN_INT_CONVERSION = YES;
				CLANG_WARN_OBJC_ROOT_CLASS = YES_ERROR;
				CLANG_WARN_UNREACHABLE_CODE = YES;
				CLANG_WARN__DUPLICATE_METHOD_MATCH = YES;
				"CODE_SIGN_IDENTITY[sdk=iphoneos*]" = "iPhone Developer";
				COPY_PHASE_STRIP = NO;
				DEBUG_INFORMATION_FORMAT = "dwarf-with-dsym";
				ENABLE_NS_ASSERTIONS = NO;
				ENABLE_STRICT_OBJC_MSGSEND = YES;
				GCC_C_LANGUAGE_STANDARD = gnu99;
				GCC_NO_COMMON_BLOCKS = YES;
				GCC_WARN_64_TO_32_BIT_CONVERSION = YES;
				GCC_WARN_ABOUT_RETURN_TYPE = YES_ERROR;
				GCC_WARN_UNDECLARED_SELECTOR = YES;
				GCC_WARN_UNINITIALIZED_AUTOS = YES_AGGRESSIVE;
				GCC_WARN_UNUSED_FUNCTION = YES;
				GCC_WARN_UNUSED_VARIABLE = YES;
				IPHONEOS_DEPLOYMENT_TARGET = 9.3;
				MTL_ENABLE_DEBUG_INFO = NO;
				SDKROOT = iphoneos;
				TARGETED_DEVICE_FAMILY = "1,2";
				VALIDATE_PRODUCT = YES;
			};
			name = Release;
		};
		A03577111D8F784A006D050F /* Debug */ = {
			isa = XCBuildConfiguration;
			buildSettings = {
				ASSETCATALOG_COMPILER_APPICON_NAME = AppIcon;
				GCC_PREFIX_HEADER = "JYTransition/Supporting Files/JYTransition-Prefix.pch";
				INFOPLIST_FILE = "JYTransition/Supporting Files/Info.plist";
				IPHONEOS_DEPLOYMENT_TARGET = 8.0;
				LD_RUNPATH_SEARCH_PATHS = "$(inherited) @executable_path/Frameworks";
				PRODUCT_BUNDLE_IDENTIFIER = com.NL.JYTransition;
				PRODUCT_NAME = "$(TARGET_NAME)";
			};
			name = Debug;
		};
		A03577121D8F784A006D050F /* Release */ = {
			isa = XCBuildConfiguration;
			buildSettings = {
				ASSETCATALOG_COMPILER_APPICON_NAME = AppIcon;
				GCC_PREFIX_HEADER = "JYTransition/Supporting Files/JYTransition-Prefix.pch";
				INFOPLIST_FILE = "JYTransition/Supporting Files/Info.plist";
				IPHONEOS_DEPLOYMENT_TARGET = 8.0;
				LD_RUNPATH_SEARCH_PATHS = "$(inherited) @executable_path/Frameworks";
				PRODUCT_BUNDLE_IDENTIFIER = com.NL.JYTransition;
				PRODUCT_NAME = "$(TARGET_NAME)";
			};
			name = Release;
		};
/* End XCBuildConfiguration section */

/* Begin XCConfigurationList section */
		A03576F41D8F784A006D050F /* Build configuration list for PBXProject "JYTransition" */ = {
			isa = XCConfigurationList;
			buildConfigurations = (
				A035770E1D8F784A006D050F /* Debug */,
				A035770F1D8F784A006D050F /* Release */,
			);
			defaultConfigurationIsVisible = 0;
			defaultConfigurationName = Release;
		};
		A03577101D8F784A006D050F /* Build configuration list for PBXNativeTarget "JYTransition" */ = {
			isa = XCConfigurationList;
			buildConfigurations = (
				A03577111D8F784A006D050F /* Debug */,
				A03577121D8F784A006D050F /* Release */,
			);
			defaultConfigurationIsVisible = 0;
			defaultConfigurationName = Release;
		};
/* End XCConfigurationList section */
	};
	rootObject = A03576F11D8F784A006D050F /* Project object */;
}
